
Microsoft Visual Studio Solution File, Format Version 12.00
# Visual Studio Version 17
VisualStudioVersion = 17.1.32421.90
MinimumVisualStudioVersion = 10.0.40219.1
Project("{9A19103F-16F7-4668-BE54-9A1E7A4F7556}") = "FaceLinker", "FaceLinker\FaceLinker.csproj", "{607528A6-ECF1-44DD-9B66-5C914D618737}"
EndProject
Project("{FAE04EC0-301F-11D3-BF4B-00C04F79EFBC}") = "OpenFaceOffline", "OpenFaceOffline\OpenFaceOffline.csproj", "{A4760F41-2B1F-4144-B7B2-62785AFFE79B}"
EndProject
Global
	GlobalSection(SolutionConfigurationPlatforms) = preSolution
		Debug|Any CPU = Debug|Any CPU
		Debug|x86 = Debug|x86
		Release|Any CPU = Release|Any CPU
		Release|x86 = Release|x86
	EndGlobalSection
	GlobalSection(ProjectConfigurationPlatforms) = postSolution
		{607528A6-ECF1-44DD-9B66-5C914D618737}.Debug|Any CPU.ActiveCfg = Debug|Any CPU
		{607528A6-ECF1-44DD-9B66-5C914D618737}.Debug|Any CPU.Build.0 = Debug|Any CPU
		{607528A6-ECF1-44DD-9B66-5C914D618737}.Debug|x86.ActiveCfg = Debug|Any CPU
		{607528A6-ECF1-44DD-9B66-5C914D618737}.Debug|x86.Build.0 = Debug|Any CPU
		{607528A6-ECF1-44DD-9B66-5C914D618737}.Release|Any CPU.ActiveCfg = Release|Any CPU
		{607528A6-ECF1-44DD-9B66-5C914D618737}.Release|Any CPU.Build.0 = Release|Any CPU
		{607528A6-ECF1-44DD-9B66-5C914D618737}.Release|x86.ActiveCfg = Release|Any CPU
		{607528A6-ECF1-44DD-9B66-5C914D618737}.Release|x86.Build.0 = Release|Any CPU
		{A4760F41-2B1F-4144-B7B2-62785AFFE79B}.Debug|Any CPU.ActiveCfg = Debug|Any CPU
		{A4760F41-2B1F-4144-B7B2-62785AFFE79B}.Debug|Any CPU.Build.0 = Debug|Any CPU
		{A4760F41-2B1F-4144-B7B2-62785AFFE79B}.Debug|x86.ActiveCfg = Debug|x86
		{A4760F41-2B1F-4144-B7B2-62785AFFE79B}.Debug|x86.Build.0 = Debug|x86
		{A4760F41-2B1F-4144-B7B2-62785AFFE79B}.Release|Any CPU.ActiveCfg = Release|Any CPU
		{A4760F41-2B1F-4144-B7B2-62785AFFE79B}.Release|Any CPU.Build.0 = Release|Any CPU
		{A4760F41-2B1F-4144-B7B2-62785AFFE79B}.Release|x86.ActiveCfg = Release|x86
		{A4760F41-2B1F-4144-B7B2-62785AFFE79B}.Release|x86.Build.0 = Release|x86
	EndGlobalSection
	GlobalSection(SolutionProperties) = preSolution
		HideSolutionNode = FALSE
	EndGlobalSection
	GlobalSection(ExtensibilityGlobals) = postSolution
		SolutionGuid = {12E2884A-B1EF-4B97-B67F-6059F8C38399}
	EndGlobalSection
EndGlobal
